// !$*UTF8*$!
{
	archiveVersion = 1;
	classes = {
	};
	objectVersion = 55;
	objects = {

/* Begin PBXBuildFile section */
		B517ABA02CC94E5E0003CEA3 /* EditorApp.swift in Sources */ = {isa = PBXBuildFile; fileRef = B517AB9F2CC94E5E0003CEA3 /* EditorApp.swift */; };
		B517ABA22CC94E5E0003CEA3 /* ContentView.swift in Sources */ = {isa = PBXBuildFile; fileRef = B517ABA12CC94E5E0003CEA3 /* ContentView.swift */; };
		B517ABA42CC94E5F0003CEA3 /* Assets.xcassets in Resources */ = {isa = PBXBuildFile; fileRef = B517ABA32CC94E5F0003CEA3 /* Assets.xcassets */; };
		B517ABA72CC94E5F0003CEA3 /* Preview Assets.xcassets in Resources */ = {isa = PBXBuildFile; fileRef = B517ABA62CC94E5F0003CEA3 /* Preview Assets.xcassets */; };
		B517ABD22CC958260003CEA3 /* NeoEditor.swift in Sources */ = {isa = PBXBuildFile; fileRef = B517ABD12CC958260003CEA3 /* NeoEditor.swift */; };
/* End PBXBuildFile section */

/* Begin PBXContainerItemProxy section */
		B517ABAD2CC94E5F0003CEA3 /* PBXContainerItemProxy */ = {
			isa = PBXContainerItemProxy;
			containerPortal = B517AB942CC94E5E0003CEA3 /* Project object */;
			proxyType = 1;
			remoteGlobalIDString = B517AB9B2CC94E5E0003CEA3;
			remoteInfo = Editor;
		};
		B517ABB72CC94E5F0003CEA3 /* PBXContainerItemProxy */ = {
			isa = PBXContainerItemProxy;
			containerPortal = B517AB942CC94E5E0003CEA3 /* Project object */;
			proxyType = 1;
			remoteGlobalIDString = B517AB9B2CC94E5E0003CEA3;
			remoteInfo = Editor;
		};
/* End PBXContainerItemProxy section */

/* Begin PBXFileReference section */
		B517AB9C2CC94E5E0003CEA3 /* Editor.app */ = {isa = PBXFileReference; explicitFileType = wrapper.application; includeInIndex = 0; path = Editor.app; sourceTree = BUILT_PRODUCTS_DIR; };
		B517AB9F2CC94E5E0003CEA3 /* EditorApp.swift */ = {isa = PBXFileReference; lastKnownFileType = sourcecode.swift; path = EditorApp.swift; sourceTree = "<group>"; };
		B517ABA12CC94E5E0003CEA3 /* ContentView.swift */ = {isa = PBXFileReference; lastKnownFileType = sourcecode.swift; path = ContentView.swift; sourceTree = "<group>"; };
		B517ABA32CC94E5F0003CEA3 /* Assets.xcassets */ = {isa = PBXFileReference; lastKnownFileType = folder.assetcatalog; path = Assets.xcassets; sourceTree = "<group>"; };
		B517ABA62CC94E5F0003CEA3 /* Preview Assets.xcassets */ = {isa = PBXFileReference; lastKnownFileType = folder.assetcatalog; path = "Preview Assets.xcassets"; sourceTree = "<group>"; };
		B517ABAC2CC94E5F0003CEA3 /* EditorTests.xctest */ = {isa = PBXFileReference; explicitFileType = wrapper.cfbundle; includeInIndex = 0; path = EditorTests.xctest; sourceTree = BUILT_PRODUCTS_DIR; };
		B517ABB62CC94E5F0003CEA3 /* EditorUITests.xctest */ = {isa = PBXFileReference; explicitFileType = wrapper.cfbundle; includeInIndex = 0; path = EditorUITests.xctest; sourceTree = BUILT_PRODUCTS_DIR; };
		B517ABCC2CC956C70003CEA3 /* Info.plist */ = {isa = PBXFileReference; lastKnownFileType = text.plist; path = Info.plist; sourceTree = "<group>"; };
		B517ABD12CC958260003CEA3 /* NeoEditor.swift */ = {isa = PBXFileReference; lastKnownFileType = sourcecode.swift; path = NeoEditor.swift; sourceTree = "<group>"; };
/* End PBXFileReference section */

/* Begin PBXFrameworksBuildPhase section */
		B517AB992CC94E5E0003CEA3 /* Frameworks */ = {
			isa = PBXFrameworksBuildPhase;
			buildActionMask = 2147483647;
			files = (
			);
			runOnlyForDeploymentPostprocessing = 0;
		};
		B517ABA92CC94E5F0003CEA3 /* Frameworks */ = {
			isa = PBXFrameworksBuildPhase;
			buildActionMask = 2147483647;
			files = (
			);
			runOnlyForDeploymentPostprocessing = 0;
		};
		B517ABB32CC94E5F0003CEA3 /* Frameworks */ = {
			isa = PBXFrameworksBuildPhase;
			buildActionMask = 2147483647;
			files = (
			);
			runOnlyForDeploymentPostprocessing = 0;
		};
/* End PBXFrameworksBuildPhase section */

/* Begin PBXGroup section */
		B517AB932CC94E5E0003CEA3 = {
			isa = PBXGroup;
			children = (
				B517AB9E2CC94E5E0003CEA3 /* Editor */,
				B517AB9D2CC94E5E0003CEA3 /* Products */,
			);
			sourceTree = "<group>";
		};
		B517AB9D2CC94E5E0003CEA3 /* Products */ = {
			isa = PBXGroup;
			children = (
				B517AB9C2CC94E5E0003CEA3 /* Editor.app */,
				B517ABAC2CC94E5F0003CEA3 /* EditorTests.xctest */,
				B517ABB62CC94E5F0003CEA3 /* EditorUITests.xctest */,
			);
			name = Products;
			sourceTree = "<group>";
		};
		B517AB9E2CC94E5E0003CEA3 /* Editor */ = {
			isa = PBXGroup;
			children = (
				B517ABCC2CC956C70003CEA3 /* Info.plist */,
				B517AB9F2CC94E5E0003CEA3 /* EditorApp.swift */,
				B517ABA12CC94E5E0003CEA3 /* ContentView.swift */,
				B517ABD12CC958260003CEA3 /* NeoEditor.swift */,
				B517ABA32CC94E5F0003CEA3 /* Assets.xcassets */,
				B517ABA52CC94E5F0003CEA3 /* Preview Content */,
			);
			path = Editor;
			sourceTree = "<group>";
		};
		B517ABA52CC94E5F0003CEA3 /* Preview Content */ = {
			isa = PBXGroup;
			children = (
				B517ABA62CC94E5F0003CEA3 /* Preview Assets.xcassets */,
			);
			path = "Preview Content";
			sourceTree = "<group>";
		};
/* End PBXGroup section */

/* Begin PBXNativeTarget section */
		B517AB9B2CC94E5E0003CEA3 /* Editor */ = {
			isa = PBXNativeTarget;
			buildConfigurationList = B517ABC02CC94E5F0003CEA3 /* Build configuration list for PBXNativeTarget "Editor" */;
			buildPhases = (
				B517AB982CC94E5E0003CEA3 /* Sources */,
				B517AB992CC94E5E0003CEA3 /* Frameworks */,
				B517AB9A2CC94E5E0003CEA3 /* Resources */,
			);
			buildRules = (
			);
			dependencies = (
			);
			name = Editor;
			packageProductDependencies = (
			);
			productName = Editor;
			productReference = B517AB9C2CC94E5E0003CEA3 /* Editor.app */;
			productType = "com.apple.product-type.application";
		};
		B517ABAB2CC94E5F0003CEA3 /* EditorTests */ = {
			isa = PBXNativeTarget;
			buildConfigurationList = B517ABC32CC94E5F0003CEA3 /* Build configuration list for PBXNativeTarget "EditorTests" */;
			buildPhases = (
				B517ABA82CC94E5F0003CEA3 /* Sources */,
				B517ABA92CC94E5F0003CEA3 /* Frameworks */,
				B517ABAA2CC94E5F0003CEA3 /* Resources */,
			);
			buildRules = (
			);
			dependencies = (
				B517ABAE2CC94E5F0003CEA3 /* PBXTargetDependency */,
			);
			name = EditorTests;
			productName = EditorTests;
			productReference = B517ABAC2CC94E5F0003CEA3 /* EditorTests.xctest */;
			productType = "com.apple.product-type.bundle.unit-test";
		};
		B517ABB52CC94E5F0003CEA3 /* EditorUITests */ = {
			isa = PBXNativeTarget;
			buildConfigurationList = B517ABC62CC94E5F0003CEA3 /* Build configuration list for PBXNativeTarget "EditorUITests" */;
			buildPhases = (
				B517ABB22CC94E5F0003CEA3 /* Sources */,
				B517ABB32CC94E5F0003CEA3 /* Frameworks */,
				B517ABB42CC94E5F0003CEA3 /* Resources */,
			);
			buildRules = (
			);
			dependencies = (
				B517ABB82CC94E5F0003CEA3 /* PBXTargetDependency */,
			);
			name = EditorUITests;
			productName = EditorUITests;
			productReference = B517ABB62CC94E5F0003CEA3 /* EditorUITests.xctest */;
			productType = "com.apple.product-type.bundle.ui-testing";
		};
/* End PBXNativeTarget section */

/* Begin PBXProject section */
		B517AB942CC94E5E0003CEA3 /* Project object */ = {
			isa = PBXProject;
			attributes = {
				BuildIndependentTargetsInParallel = 1;
				LastSwiftUpdateCheck = 1320;
				LastUpgradeCheck = 1320;
				TargetAttributes = {
					B517AB9B2CC94E5E0003CEA3 = {
						CreatedOnToolsVersion = 13.2.1;
						LastSwiftMigration = 1320;
					};
					B517ABAB2CC94E5F0003CEA3 = {
						CreatedOnToolsVersion = 13.2.1;
						TestTargetID = B517AB9B2CC94E5E0003CEA3;
					};
					B517ABB52CC94E5F0003CEA3 = {
						CreatedOnToolsVersion = 13.2.1;
						TestTargetID = B517AB9B2CC94E5E0003CEA3;
					};
				};
			};
			buildConfigurationList = B517AB972CC94E5E0003CEA3 /* Build configuration list for PBXProject "Editor" */;
			compatibilityVersion = "Xcode 13.0";
			developmentRegion = en;
			hasScannedForEncodings = 0;
			knownRegions = (
				en,
				Base,
			);
			mainGroup = B517AB932CC94E5E0003CEA3;
			packageReferences = (
			);
			productRefGroup = B517AB9D2CC94E5E0003CEA3 /* Products */;
			projectDirPath = "";
			projectRoot = "";
			targets = (
				B517AB9B2CC94E5E0003CEA3 /* Editor */,
				B517ABAB2CC94E5F0003CEA3 /* EditorTests */,
				B517ABB52CC94E5F0003CEA3 /* EditorUITests */,
			);
		};
/* End PBXProject section */

/* Begin PBXResourcesBuildPhase section */
		B517AB9A2CC94E5E0003CEA3 /* Resources */ = {
			isa = PBXResourcesBuildPhase;
			buildActionMask = 2147483647;
			files = (
				B517ABA72CC94E5F0003CEA3 /* Preview Assets.xcassets in Resources */,
				B517ABA42CC94E5F0003CEA3 /* Assets.xcassets in Resources */,
			);
			runOnlyForDeploymentPostprocessing = 0;
		};
		B517ABAA2CC94E5F0003CEA3 /* Resources */ = {
			isa = PBXResourcesBuildPhase;
			buildActionMask = 2147483647;
			files = (
			);
			runOnlyForDeploymentPostprocessing = 0;
		};
		B517ABB42CC94E5F0003CEA3 /* Resources */ = {
			isa = PBXResourcesBuildPhase;
			buildActionMask = 2147483647;
			files = (
			);
			runOnlyForDeploymentPostprocessing = 0;
		};
/* End PBXResourcesBuildPhase section */

/* Begin PBXSourcesBuildPhase section */
		B517AB982CC94E5E0003CEA3 /* Sources */ = {
			isa = PBXSourcesBuildPhase;
			buildActionMask = 2147483647;
			files = (
				B517ABA22CC94E5E0003CEA3 /* ContentView.swift in Sources */,
				B517ABD22CC958260003CEA3 /* NeoEditor.swift in Sources */,
				B517ABA02CC94E5E0003CEA3 /* EditorApp.swift in Sources */,
			);
			runOnlyForDeploymentPostprocessing = 0;
		};
		B517ABA82CC94E5F0003CEA3 /* Sources */ = {
			isa = PBXSourcesBuildPhase;
			buildActionMask = 2147483647;
			files = (
			);
			runOnlyForDeploymentPostprocessing = 0;
		};
		B517ABB22CC94E5F0003CEA3 /* Sources */ = {
			isa = PBXSourcesBuildPhase;
			buildActionMask = 2147483647;
			files = (
			);
			runOnlyForDeploymentPostprocessing = 0;
		};
/* End PBXSourcesBuildPhase section */

/* Begin PBXTargetDependency section */
		B517ABAE2CC94E5F0003CEA3 /* PBXTargetDependency */ = {
			isa = PBXTargetDependency;
			target = B517AB9B2CC94E5E0003CEA3 /* Editor */;
			targetProxy = B517ABAD2CC94E5F0003CEA3 /* PBXContainerItemProxy */;
		};
		B517ABB82CC94E5F0003CEA3 /* PBXTargetDependency */ = {
			isa = PBXTargetDependency;
			target = B517AB9B2CC94E5E0003CEA3 /* Editor */;
			targetProxy = B517ABB72CC94E5F0003CEA3 /* PBXContainerItemProxy */;
		};
/* End PBXTargetDependency section */

/* Begin XCBuildConfiguration section */
		B517ABBE2CC94E5F0003CEA3 /* Debug */ = {
			isa = XCBuildConfiguration;
			buildSettings = {
				ALWAYS_SEARCH_USER_PATHS = NO;
				CLANG_ANALYZER_NONNULL = YES;
				CLANG_ANALYZER_NUMBER_OBJECT_CONVERSION = YES_AGGRESSIVE;
				CLANG_CXX_LANGUAGE_STANDARD = "gnu++17";
				CLANG_CXX_LIBRARY = "libc++";
				CLANG_ENABLE_MODULES = YES;
				CLANG_ENABLE_OBJC_ARC = YES;
				CLANG_ENABLE_OBJC_WEAK = YES;
				CLANG_WARN_BLOCK_CAPTURE_AUTORELEASING = YES;
				CLANG_WARN_BOOL_CONVERSION = YES;
				CLANG_WARN_COMMA = YES;
				CLANG_WARN_CONSTANT_CONVERSION = YES;
				CLANG_WARN_DEPRECATED_OBJC_IMPLEMENTATIONS = YES;
				CLANG_WARN_DIRECT_OBJC_ISA_USAGE = YES_ERROR;
				CLANG_WARN_DOCUMENTATION_COMMENTS = YES;
				CLANG_WARN_EMPTY_BODY = YES;
				CLANG_WARN_ENUM_CONVERSION = YES;
				CLANG_WARN_INFINITE_RECURSION = YES;
				CLANG_WARN_INT_CONVERSION = YES;
				CLANG_WARN_NON_LITERAL_NULL_CONVERSION = YES;
				CLANG_WARN_OBJC_IMPLICIT_RETAIN_SELF = YES;
				CLANG_WARN_OBJC_LITERAL_CONVERSION = YES;
				CLANG_WARN_OBJC_ROOT_CLASS = YES_ERROR;
				CLANG_WARN_QUOTED_INCLUDE_IN_FRAMEWORK_HEADER = YES;
				CLANG_WARN_RANGE_LOOP_ANALYSIS = YES;
				CLANG_WARN_STRICT_PROTOTYPES = YES;
				CLANG_WARN_SUSPICIOUS_MOVE = YES;
				CLANG_WARN_UNGUARDED_AVAILABILITY = YES_AGGRESSIVE;
				CLANG_WARN_UNREACHABLE_CODE = YES;
				CLANG_WARN__DUPLICATE_METHOD_MATCH = YES;
				COPY_PHASE_STRIP = NO;
				DEBUG_INFORMATION_FORMAT = dwarf;
				ENABLE_STRICT_OBJC_MSGSEND = YES;
				ENABLE_TESTABILITY = YES;
				GCC_C_LANGUAGE_STANDARD = gnu11;
				GCC_DYNAMIC_NO_PIC = NO;
				GCC_NO_COMMON_BLOCKS = YES;
				GCC_OPTIMIZATION_LEVEL = 0;
				GCC_PREPROCESSOR_DEFINITIONS = (
					"DEBUG=1",
					"$(inherited)",
				);
				GCC_WARN_64_TO_32_BIT_CONVERSION = YES;
				GCC_WARN_ABOUT_RETURN_TYPE = YES_ERROR;
				GCC_WARN_UNDECLARED_SELECTOR = YES;
				GCC_WARN_UNINITIALIZED_AUTOS = YES_AGGRESSIVE;
				GCC_WARN_UNUSED_FUNCTION = YES;
				GCC_WARN_UNUSED_VARIABLE = YES;
				IPHONEOS_DEPLOYMENT_TARGET = 15.0;
				MTL_ENABLE_DEBUG_INFO = INCLUDE_SOURCE;
				MTL_FAST_MATH = YES;
				ONLY_ACTIVE_ARCH = YES;
				SDKROOT = iphoneos;
				SWIFT_ACTIVE_COMPILATION_CONDITIONS = DEBUG;
				SWIFT_OPTIMIZATION_LEVEL = "-Onone";
			};
			name = Debug;
		};
		B517ABBF2CC94E5F0003CEA3 /* Release */ = {
			isa = XCBuildConfiguration;
			buildSettings = {
				ALWAYS_SEARCH_USER_PATHS = NO;
				CLANG_ANALYZER_NONNULL = YES;
				CLANG_ANALYZER_NUMBER_OBJECT_CONVERSION = YES_AGGRESSIVE;
				CLANG_CXX_LANGUAGE_STANDARD = "gnu++17";
				CLANG_CXX_LIBRARY = "libc++";
				CLANG_ENABLE_MODULES = YES;
				CLANG_ENABLE_OBJC_ARC = YES;
				CLANG_ENABLE_OBJC_WEAK = YES;
				CLANG_WARN_BLOCK_CAPTURE_AUTORELEASING = YES;
				CLANG_WARN_BOOL_CONVERSION = YES;
				CLANG_WARN_COMMA = YES;
				CLANG_WARN_CONSTANT_CONVERSION = YES;
				CLANG_WARN_DEPRECATED_OBJC_IMPLEMENTATIONS = YES;
				CLANG_WARN_DIRECT_OBJC_ISA_USAGE = YES_ERROR;
				CLANG_WARN_DOCUMENTATION_COMMENTS = YES;
				CLANG_WARN_EMPTY_BODY = YES;
				CLANG_WARN_ENUM_CONVERSION = YES;
				CLANG_WARN_INFINITE_RECURSION = YES;
				CLANG_WARN_INT_CONVERSION = YES;
				CLANG_WARN_NON_LITERAL_NULL_CONVERSION = YES;
				CLANG_WARN_OBJC_IMPLICIT_RETAIN_SELF = YES;
				CLANG_WARN_OBJC_LITERAL_CONVERSION = YES;
				CLANG_WARN_OBJC_ROOT_CLASS = YES_ERROR;
				CLANG_WARN_QUOTED_INCLUDE_IN_FRAMEWORK_HEADER = YES;
				CLANG_WARN_RANGE_LOOP_ANALYSIS = YES;
				CLANG_WARN_STRICT_PROTOTYPES = YES;
				CLANG_WARN_SUSPICIOUS_MOVE = YES;
				CLANG_WARN_UNGUARDED_AVAILABILITY = YES_AGGRESSIVE;
				CLANG_WARN_UNREACHABLE_CODE = YES;
				CLANG_WARN__DUPLICATE_METHOD_MATCH = YES;
				COPY_PHASE_STRIP = NO;
				DEBUG_INFORMATION_FORMAT = "dwarf-with-dsym";
				ENABLE_NS_ASSERTIONS = NO;
				ENABLE_STRICT_OBJC_MSGSEND = YES;
				GCC_C_LANGUAGE_STANDARD = gnu11;
				GCC_NO_COMMON_BLOCKS = YES;
				GCC_WARN_64_TO_32_BIT_CONVERSION = YES;
				GCC_WARN_ABOUT_RETURN_TYPE = YES_ERROR;
				GCC_WARN_UNDECLARED_SELECTOR = YES;
				GCC_WARN_UNINITIALIZED_AUTOS = YES_AGGRESSIVE;
				GCC_WARN_UNUSED_FUNCTION = YES;
				GCC_WARN_UNUSED_VARIABLE = YES;
				IPHONEOS_DEPLOYMENT_TARGET = 15.0;
				MTL_ENABLE_DEBUG_INFO = NO;
				MTL_FAST_MATH = YES;
				SDKROOT = iphoneos;
				SWIFT_COMPILATION_MODE = wholemodule;
				SWIFT_OPTIMIZATION_LEVEL = "-O";
				VALIDATE_PRODUCT = YES;
			};
			name = Release;
		};
		B517ABC12CC94E5F0003CEA3 /* Debug */ = {
			isa = XCBuildConfiguration;
			buildSettings = {
				ASSETCATALOG_COMPILER_APPICON_NAME = AppIcon;
				ASSETCATALOG_COMPILER_GLOBAL_ACCENT_COLOR_NAME = AccentColor;
				CLANG_ENABLE_MODULES = YES;
				CODE_SIGN_STYLE = Automatic;
				CURRENT_PROJECT_VERSION = 1;
				DEVELOPMENT_ASSET_PATHS = "\"Editor/Preview Content\"";
				DEVELOPMENT_TEAM = L4A6CKH3TV;
				ENABLE_PREVIEWS = YES;
				GENERATE_INFOPLIST_FILE = YES;
				INFOPLIST_FILE = Editor/Info.plist;
				INFOPLIST_KEY_UIApplicationSceneManifest_Generation = YES;
				INFOPLIST_KEY_UIApplicationSupportsIndirectInputEvents = YES;
				INFOPLIST_KEY_UILaunchScreen_Generation = YES;
				INFOPLIST_KEY_UISupportedInterfaceOrientations_iPad = "UIInterfaceOrientationPortrait UIInterfaceOrientationPortraitUpsideDown UIInterfaceOrientationLandscapeLeft UIInterfaceOrientationLandscapeRight";
				INFOPLIST_KEY_UISupportedInterfaceOrientations_iPhone = "UIInterfaceOrientationPortrait UIInterfaceOrientationLandscapeLeft UIInterfaceOrientationLandscapeRight";
				IPHONEOS_DEPLOYMENT_TARGET = 15.0;
				LD_RUNPATH_SEARCH_PATHS = (
					"$(inherited)",
					"@executable_path/Frameworks",
				);
				MARKETING_VERSION = 1.0;
				PRODUCT_BUNDLE_IDENTIFIER = com.sinac.Editor;
				PRODUCT_NAME = "$(TARGET_NAME)";
				SWIFT_EMIT_LOC_STRINGS = YES;
				SWIFT_OPTIMIZATION_LEVEL = "-Onone";
				SWIFT_VERSION = 5.0;
				TARGETED_DEVICE_FAMILY = "1,2";
			};
			name = Debug;
		};
		B517ABC22CC94E5F0003CEA3 /* Release */ = {
			isa = XCBuildConfiguration;
			buildSettings = {
				ASSETCATALOG_COMPILER_APPICON_NAME = AppIcon;
				ASSETCATALOG_COMPILER_GLOBAL_ACCENT_COLOR_NAME = AccentColor;
				CLANG_ENABLE_MODULES = YES;
				CODE_SIGN_STYLE = Automatic;
				CURRENT_PROJECT_VERSION = 1;
				DEVELOPMENT_ASSET_PATHS = "\"Editor/Preview Content\"";
				DEVELOPMENT_TEAM = L4A6CKH3TV;
				ENABLE_PREVIEWS = YES;
				GENERATE_INFOPLIST_FILE = YES;
				INFOPLIST_FILE = Editor/Info.plist;
				INFOPLIST_KEY_UIApplicationSceneManifest_Generation = YES;
				INFOPLIST_KEY_UIApplicationSupportsIndirectInputEvents = YES;
				INFOPLIST_KEY_UILaunchScreen_Generation = YES;
				INFOPLIST_KEY_UISupportedInterfaceOrientations_iPad = "UIInterfaceOrientationPortrait UIInterfaceOrientationPortraitUpsideDown UIInterfaceOrientationLandscapeLeft UIInterfaceOrientationLandscapeRight";
				INFOPLIST_KEY_UISupportedInterfaceOrientations_iPhone = "UIInterfaceOrientationPortrait UIInterfaceOrientationLandscapeLeft UIInterfaceOrientationLandscapeRight";
				IPHONEOS_DEPLOYMENT_TARGET = 15.0;
				LD_RUNPATH_SEARCH_PATHS = (
					"$(inherited)",
					"@executable_path/Frameworks",
				);
				MARKETING_VERSION = 1.0;
				PRODUCT_BUNDLE_IDENTIFIER = com.sinac.Editor;
				PRODUCT_NAME = "$(TARGET_NAME)";
				SWIFT_EMIT_LOC_STRINGS = YES;
				SWIFT_VERSION = 5.0;
				TARGETED_DEVICE_FAMILY = "1,2";
			};
			name = Release;
		};
		B517ABC42CC94E5F0003CEA3 /* Debug */ = {
			isa = XCBuildConfiguration;
			buildSettings = {
				ALWAYS_EMBED_SWIFT_STANDARD_LIBRARIES = YES;
				BUNDLE_LOADER = "$(TEST_HOST)";
				CODE_SIGN_STYLE = Automatic;
				CURRENT_PROJECT_VERSION = 1;
				GENERATE_INFOPLIST_FILE = YES;
				IPHONEOS_DEPLOYMENT_TARGET = 15.2;
				MARKETING_VERSION = 1.0;
				PRODUCT_BUNDLE_IDENTIFIER = com.sinac.EditorTests;
				PRODUCT_NAME = "$(TARGET_NAME)";
				SWIFT_EMIT_LOC_STRINGS = NO;
				SWIFT_VERSION = 5.0;
				TARGETED_DEVICE_FAMILY = "1,2";
				TEST_HOST = "$(BUILT_PRODUCTS_DIR)/Editor.app/Editor";
			};
			name = Debug;
		};
		B517ABC52CC94E5F0003CEA3 /* Release */ = {
			isa = XCBuildConfiguration;
			buildSettings = {
				ALWAYS_EMBED_SWIFT_STANDARD_LIBRARIES = YES;
				BUNDLE_LOADER = "$(TEST_HOST)";
				CODE_SIGN_STYLE = Automatic;
				CURRENT_PROJECT_VERSION = 1;
				GENERATE_INFOPLIST_FILE = YES;
				IPHONEOS_DEPLOYMENT_TARGET = 15.2;
				MARKETING_VERSION = 1.0;
				PRODUCT_BUNDLE_IDENTIFIER = com.sinac.EditorTests;
				PRODUCT_NAME = "$(TARGET_NAME)";
				SWIFT_EMIT_LOC_STRINGS = NO;
				SWIFT_VERSION = 5.0;
				TARGETED_DEVICE_FAMILY = "1,2";
				TEST_HOST = "$(BUILT_PRODUCTS_DIR)/Editor.app/Editor";
			};
			name = Release;
		};
		B517ABC72CC94E5F0003CEA3 /* Debug */ = {
			isa = XCBuildConfiguration;
			buildSettings = {
				ALWAYS_EMBED_SWIFT_STANDARD_LIBRARIES = YES;
				CODE_SIGN_STYLE = Automatic;
				CURRENT_PROJECT_VERSION = 1;
				GENERATE_INFOPLIST_FILE = YES;
				MARKETING_VERSION = 1.0;
				PRODUCT_BUNDLE_IDENTIFIER = com.sinac.EditorUITests;
				PRODUCT_NAME = "$(TARGET_NAME)";
				SWIFT_EMIT_LOC_STRINGS = NO;
				SWIFT_VERSION = 5.0;
				TARGETED_DEVICE_FAMILY = "1,2";
				TEST_TARGET_NAME = Editor;
			};
			name = Debug;
		};
		B517ABC82CC94E5F0003CEA3 /* Release */ = {
			isa = XCBuildConfiguration;
			buildSettings = {
				ALWAYS_EMBED_SWIFT_STANDARD_LIBRARIES = YES;
				CODE_SIGN_STYLE = Automatic;
				CURRENT_PROJECT_VERSION = 1;
				GENERATE_INFOPLIST_FILE = YES;
				MARKETING_VERSION = 1.0;
				PRODUCT_BUNDLE_IDENTIFIER = com.sinac.EditorUITests;
				PRODUCT_NAME = "$(TARGET_NAME)";
				SWIFT_EMIT_LOC_STRINGS = NO;
				SWIFT_VERSION = 5.0;
				TARGETED_DEVICE_FAMILY = "1,2";
				TEST_TARGET_NAME = Editor;
			};
			name = Release;
		};
/* End XCBuildConfiguration section */

/* Begin XCConfigurationList section */
		B517AB972CC94E5E0003CEA3 /* Build configuration list for PBXProject "Editor" */ = {
			isa = XCConfigurationList;
			buildConfigurations = (
				B517ABBE2CC94E5F0003CEA3 /* Debug */,
				B517ABBF2CC94E5F0003CEA3 /* Release */,
			);
			defaultConfigurationIsVisible = 0;
			defaultConfigurationName = Release;
		};
		B517ABC02CC94E5F0003CEA3 /* Build configuration list for PBXNativeTarget "Editor" */ = {
			isa = XCConfigurationList;
			buildConfigurations = (
				B517ABC12CC94E5F0003CEA3 /* Debug */,
				B517ABC22CC94E5F0003CEA3 /* Release */,
			);
			defaultConfigurationIsVisible = 0;
			defaultConfigurationName = Release;
		};
		B517ABC32CC94E5F0003CEA3 /* Build configuration list for PBXNativeTarget "EditorTests" */ = {
			isa = XCConfigurationList;
			buildConfigurations = (
				B517ABC42CC94E5F0003CEA3 /* Debug */,
				B517ABC52CC94E5F0003CEA3 /* Release */,
			);
			defaultConfigurationIsVisible = 0;
			defaultConfigurationName = Release;
		};
		B517ABC62CC94E5F0003CEA3 /* Build configuration list for PBXNativeTarget "EditorUITests" */ = {
			isa = XCConfigurationList;
			buildConfigurations = (
				B517ABC72CC94E5F0003CEA3 /* Debug */,
				B517ABC82CC94E5F0003CEA3 /* Release */,
			);
			defaultConfigurationIsVisible = 0;
			defaultConfigurationName = Release;
		};
/* End XCConfigurationList section */
	};
	rootObject = B517AB942CC94E5E0003CEA3 /* Project object */;
}
